
Microsoft Visual Studio Solution File, Format Version 12.00
# Visual Studio Version 17
VisualStudioVersion = 17.9.34622.214
MinimumVisualStudioVersion = 10.0.40219.1
Project("{FAE04EC0-301F-11D3-BF4B-00C04F79EFBC}") = "DllLibrary1", "DllLibrary1\DllLibrary1.csproj", "{FB5EFA98-A75A-4E90-8A09-6A7DEA3DAA5C}"
EndProject
Global
	GlobalSection(SolutionConfigurationPlatforms) = preSolution
		Debug|Any CPU = Debug|Any CPU
		Release|Any CPU = Release|Any CPU
	EndGlobalSection
	GlobalSection(ProjectConfigurationPlatforms) = postSolution
		{FB5EFA98-A75A-4E90-8A09-6A7DEA3DAA5C}.Debug|Any CPU.ActiveCfg = Debug|Any CPU
		{FB5EFA98-A75A-4E90-8A09-6A7DEA3DAA5C}.Debug|Any CPU.Build.0 = Debug|Any CPU
		{FB5EFA98-A75A-4E90-8A09-6A7DEA3DAA5C}.Release|Any CPU.ActiveCfg = Release|Any CPU
		{FB5EFA98-A75A-4E90-8A09-6A7DEA3DAA5C}.Release|Any CPU.Build.0 = Release|Any CPU
	EndGlobalSection
	GlobalSection(SolutionProperties) = preSolution
		HideSolutionNode = FALSE
	EndGlobalSection
	GlobalSection(ExtensibilityGlobals) = postSolution
		SolutionGuid = {0A36003C-E85C-4B72-A053-43E86C00300B}
	EndGlobalSection
EndGlobal
